
Microsoft Visual Studio Solution File, Format Version 11.00
# Visual Studio 2010
# SharpDevelop 5.1
Project("{FAE04EC0-301F-11D3-BF4B-00C04F79EFBC}") = "AccountingModule", "AccountingModule\AccountingModule.csproj", "{A1D2F424-FC69-4C89-8A13-66BFEC6CBF63}"
EndProject
Global
	GlobalSection(SolutionConfigurationPlatforms) = preSolution
		Debug|Any CPU = Debug|Any CPU
		Release|Any CPU = Release|Any CPU
	EndGlobalSection
	GlobalSection(ProjectConfigurationPlatforms) = postSolution
		{A1D2F424-FC69-4C89-8A13-66BFEC6CBF63}.Debug|Any CPU.ActiveCfg = Debug|Any CPU
		{A1D2F424-FC69-4C89-8A13-66BFEC6CBF63}.Debug|Any CPU.Build.0 = Debug|Any CPU
		{A1D2F424-FC69-4C89-8A13-66BFEC6CBF63}.Release|Any CPU.ActiveCfg = Release|Any CPU
		{A1D2F424-FC69-4C89-8A13-66BFEC6CBF63}.Release|Any CPU.Build.0 = Release|Any CPU
	EndGlobalSection
EndGlobal
